
Microsoft Visual Studio Solution File, Format Version 12.00
# Visual Studio Version 16
VisualStudioVersion = 16.0.30611.23
MinimumVisualStudioVersion = 10.0.40219.1
Project("{FAE04EC0-301F-11D3-BF4B-00C04F79EFBC}") = "WebApplication4", "WebApplication4\WebApplication4.csproj", "{91EBF315-4ABC-42FE-A53D-79679F0DE866}"
EndProject
Global
	GlobalSection(SolutionConfigurationPlatforms) = preSolution
		Debug|Any CPU = Debug|Any CPU
		Release|Any CPU = Release|Any CPU
	EndGlobalSection
	GlobalSection(ProjectConfigurationPlatforms) = postSolution
		{91EBF315-4ABC-42FE-A53D-79679F0DE866}.Debug|Any CPU.ActiveCfg = Debug|Any CPU
		{91EBF315-4ABC-42FE-A53D-79679F0DE866}.Debug|Any CPU.Build.0 = Debug|Any CPU
		{91EBF315-4ABC-42FE-A53D-79679F0DE866}.Release|Any CPU.ActiveCfg = Release|Any CPU
		{91EBF315-4ABC-42FE-A53D-79679F0DE866}.Release|Any CPU.Build.0 = Release|Any CPU
	EndGlobalSection
	GlobalSection(SolutionProperties) = preSolution
		HideSolutionNode = FALSE
	EndGlobalSection
	GlobalSection(ExtensibilityGlobals) = postSolution
		SolutionGuid = {EB9E0CE3-BDCF-4766-9A5F-B08D7EF700D8}
	EndGlobalSection
EndGlobal
